// !$*UTF8*$!
{
	archiveVersion = 1;
	classes = {
	};
	objectVersion = 50;
	objects = {

/* Begin PBXBuildFile section */
		CD0686C7227878BC00F4DF7C /* ReceitaViewController.swift in Sources */ = {isa = PBXBuildFile; fileRef = CD0686C6227878BC00F4DF7C /* ReceitaViewController.swift */; };
		CD0686C922787D5900F4DF7C /* Receita.swift in Sources */ = {isa = PBXBuildFile; fileRef = CD0686C822787D5900F4DF7C /* Receita.swift */; };
		CD0686CB22788E9F00F4DF7C /* FavoritosViewController.swift in Sources */ = {isa = PBXBuildFile; fileRef = CD0686CA22788E9F00F4DF7C /* FavoritosViewController.swift */; };
		CD35CD8C226F38A800CF5DE7 /* AppDelegate.swift in Sources */ = {isa = PBXBuildFile; fileRef = CD35CD8B226F38A800CF5DE7 /* AppDelegate.swift */; };
		CD35CD8E226F38A800CF5DE7 /* ViewController.swift in Sources */ = {isa = PBXBuildFile; fileRef = CD35CD8D226F38A800CF5DE7 /* ViewController.swift */; };
		CD35CD91226F38A800CF5DE7 /* Main.storyboard in Resources */ = {isa = PBXBuildFile; fileRef = CD35CD8F226F38A800CF5DE7 /* Main.storyboard */; };
		CD35CD93226F38AA00CF5DE7 /* Assets.xcassets in Resources */ = {isa = PBXBuildFile; fileRef = CD35CD92226F38AA00CF5DE7 /* Assets.xcassets */; };
		CD35CD96226F38AA00CF5DE7 /* LaunchScreen.storyboard in Resources */ = {isa = PBXBuildFile; fileRef = CD35CD94226F38AA00CF5DE7 /* LaunchScreen.storyboard */; };
		CD35CDA1226F38AA00CF5DE7 /* ReceitaAppTests.swift in Sources */ = {isa = PBXBuildFile; fileRef = CD35CDA0226F38AA00CF5DE7 /* ReceitaAppTests.swift */; };
		CD35CDAC226F38AA00CF5DE7 /* ReceitaAppUITests.swift in Sources */ = {isa = PBXBuildFile; fileRef = CD35CDAB226F38AA00CF5DE7 /* ReceitaAppUITests.swift */; };
		CD35CDBC226F432700CF5DE7 /* CocoViewController.swift in Sources */ = {isa = PBXBuildFile; fileRef = CD35CDBB226F432700CF5DE7 /* CocoViewController.swift */; };
/* End PBXBuildFile section */

/* Begin PBXContainerItemProxy section */
		CD35CD9D226F38AA00CF5DE7 /* PBXContainerItemProxy */ = {
			isa = PBXContainerItemProxy;
			containerPortal = CD35CD80226F38A800CF5DE7 /* Project object */;
			proxyType = 1;
			remoteGlobalIDString = CD35CD87226F38A800CF5DE7;
			remoteInfo = ReceitaApp;
		};
		CD35CDA8226F38AA00CF5DE7 /* PBXContainerItemProxy */ = {
			isa = PBXContainerItemProxy;
			containerPortal = CD35CD80226F38A800CF5DE7 /* Project object */;
			proxyType = 1;
			remoteGlobalIDString = CD35CD87226F38A800CF5DE7;
			remoteInfo = ReceitaApp;
		};
/* End PBXContainerItemProxy section */

/* Begin PBXFileReference section */
		CD0686C6227878BC00F4DF7C /* ReceitaViewController.swift */ = {isa = PBXFileReference; lastKnownFileType = sourcecode.swift; path = ReceitaViewController.swift; sourceTree = "<group>"; };
		CD0686C822787D5900F4DF7C /* Receita.swift */ = {isa = PBXFileReference; lastKnownFileType = sourcecode.swift; path = Receita.swift; sourceTree = "<group>"; };
		CD0686CA22788E9F00F4DF7C /* FavoritosViewController.swift */ = {isa = PBXFileReference; lastKnownFileType = sourcecode.swift; path = FavoritosViewController.swift; sourceTree = "<group>"; };
		CD35CD88226F38A800CF5DE7 /* ReceitaApp.app */ = {isa = PBXFileReference; explicitFileType = wrapper.application; includeInIndex = 0; path = ReceitaApp.app; sourceTree = BUILT_PRODUCTS_DIR; };
		CD35CD8B226F38A800CF5DE7 /* AppDelegate.swift */ = {isa = PBXFileReference; lastKnownFileType = sourcecode.swift; path = AppDelegate.swift; sourceTree = "<group>"; };
		CD35CD8D226F38A800CF5DE7 /* ViewController.swift */ = {isa = PBXFileReference; lastKnownFileType = sourcecode.swift; path = ViewController.swift; sourceTree = "<group>"; };
		CD35CD90226F38A800CF5DE7 /* Base */ = {isa = PBXFileReference; lastKnownFileType = file.storyboard; name = Base; path = Base.lproj/Main.storyboard; sourceTree = "<group>"; };
		CD35CD92226F38AA00CF5DE7 /* Assets.xcassets */ = {isa = PBXFileReference; lastKnownFileType = folder.assetcatalog; path = Assets.xcassets; sourceTree = "<group>"; };
		CD35CD95226F38AA00CF5DE7 /* Base */ = {isa = PBXFileReference; lastKnownFileType = file.storyboard; name = Base; path = Base.lproj/LaunchScreen.storyboard; sourceTree = "<group>"; };
		CD35CD97226F38AA00CF5DE7 /* Info.plist */ = {isa = PBXFileReference; lastKnownFileType = text.plist.xml; path = Info.plist; sourceTree = "<group>"; };
		CD35CD9C226F38AA00CF5DE7 /* ReceitaAppTests.xctest */ = {isa = PBXFileReference; explicitFileType = wrapper.cfbundle; includeInIndex = 0; path = ReceitaAppTests.xctest; sourceTree = BUILT_PRODUCTS_DIR; };
		CD35CDA0226F38AA00CF5DE7 /* ReceitaAppTests.swift */ = {isa = PBXFileReference; lastKnownFileType = sourcecode.swift; path = ReceitaAppTests.swift; sourceTree = "<group>"; };
		CD35CDA2226F38AA00CF5DE7 /* Info.plist */ = {isa = PBXFileReference; lastKnownFileType = text.plist.xml; path = Info.plist; sourceTree = "<group>"; };
		CD35CDA7226F38AA00CF5DE7 /* ReceitaAppUITests.xctest */ = {isa = PBXFileReference; explicitFileType = wrapper.cfbundle; includeInIndex = 0; path = ReceitaAppUITests.xctest; sourceTree = BUILT_PRODUCTS_DIR; };
		CD35CDAB226F38AA00CF5DE7 /* ReceitaAppUITests.swift */ = {isa = PBXFileReference; lastKnownFileType = sourcecode.swift; path = ReceitaAppUITests.swift; sourceTree = "<group>"; };
		CD35CDAD226F38AA00CF5DE7 /* Info.plist */ = {isa = PBXFileReference; lastKnownFileType = text.plist.xml; path = Info.plist; sourceTree = "<group>"; };
		CD35CDBB226F432700CF5DE7 /* CocoViewController.swift */ = {isa = PBXFileReference; lastKnownFileType = sourcecode.swift; path = CocoViewController.swift; sourceTree = "<group>"; };
/* End PBXFileReference section */

/* Begin PBXFrameworksBuildPhase section */
		CD35CD85226F38A800CF5DE7 /* Frameworks */ = {
			isa = PBXFrameworksBuildPhase;
			buildActionMask = 2147483647;
			files = (
			);
			runOnlyForDeploymentPostprocessing = 0;
		};
		CD35CD99226F38AA00CF5DE7 /* Frameworks */ = {
			isa = PBXFrameworksBuildPhase;
			buildActionMask = 2147483647;
			files = (
			);
			runOnlyForDeploymentPostprocessing = 0;
		};
		CD35CDA4226F38AA00CF5DE7 /* Frameworks */ = {
			isa = PBXFrameworksBuildPhase;
			buildActionMask = 2147483647;
			files = (
			);
			runOnlyForDeploymentPostprocessing = 0;
		};
/* End PBXFrameworksBuildPhase section */

/* Begin PBXGroup section */
		CD35CD7F226F38A800CF5DE7 = {
			isa = PBXGroup;
			children = (
				CD35CD8A226F38A800CF5DE7 /* ReceitaApp */,
				CD35CD9F226F38AA00CF5DE7 /* ReceitaAppTests */,
				CD35CDAA226F38AA00CF5DE7 /* ReceitaAppUITests */,
				CD35CD89226F38A800CF5DE7 /* Products */,
			);
			sourceTree = "<group>";
		};
		CD35CD89226F38A800CF5DE7 /* Products */ = {
			isa = PBXGroup;
			children = (
				CD35CD88226F38A800CF5DE7 /* ReceitaApp.app */,
				CD35CD9C226F38AA00CF5DE7 /* ReceitaAppTests.xctest */,
				CD35CDA7226F38AA00CF5DE7 /* ReceitaAppUITests.xctest */,
			);
			name = Products;
			sourceTree = "<group>";
		};
		CD35CD8A226F38A800CF5DE7 /* ReceitaApp */ = {
			isa = PBXGroup;
			children = (
				CD35CD8B226F38A800CF5DE7 /* AppDelegate.swift */,
				CD35CD8D226F38A800CF5DE7 /* ViewController.swift */,
				CD35CD8F226F38A800CF5DE7 /* Main.storyboard */,
				CD35CD92226F38AA00CF5DE7 /* Assets.xcassets */,
				CD35CD94226F38AA00CF5DE7 /* LaunchScreen.storyboard */,
				CD35CD97226F38AA00CF5DE7 /* Info.plist */,
				CD35CDBB226F432700CF5DE7 /* CocoViewController.swift */,
				CD0686C6227878BC00F4DF7C /* ReceitaViewController.swift */,
				CD0686C822787D5900F4DF7C /* Receita.swift */,
				CD0686CA22788E9F00F4DF7C /* FavoritosViewController.swift */,
			);
			path = ReceitaApp;
			sourceTree = "<group>";
		};
		CD35CD9F226F38AA00CF5DE7 /* ReceitaAppTests */ = {
			isa = PBXGroup;
			children = (
				CD35CDA0226F38AA00CF5DE7 /* ReceitaAppTests.swift */,
				CD35CDA2226F38AA00CF5DE7 /* Info.plist */,
			);
			path = ReceitaAppTests;
			sourceTree = "<group>";
		};
		CD35CDAA226F38AA00CF5DE7 /* ReceitaAppUITests */ = {
			isa = PBXGroup;
			children = (
				CD35CDAB226F38AA00CF5DE7 /* ReceitaAppUITests.swift */,
				CD35CDAD226F38AA00CF5DE7 /* Info.plist */,
			);
			path = ReceitaAppUITests;
			sourceTree = "<group>";
		};
/* End PBXGroup section */

/* Begin PBXNativeTarget section */
		CD35CD87226F38A800CF5DE7 /* ReceitaApp */ = {
			isa = PBXNativeTarget;
			buildConfigurationList = CD35CDB0226F38AA00CF5DE7 /* Build configuration list for PBXNativeTarget "ReceitaApp" */;
			buildPhases = (
				CD35CD84226F38A800CF5DE7 /* Sources */,
				CD35CD85226F38A800CF5DE7 /* Frameworks */,
				CD35CD86226F38A800CF5DE7 /* Resources */,
			);
			buildRules = (
			);
			dependencies = (
			);
			name = ReceitaApp;
			productName = ReceitaApp;
			productReference = CD35CD88226F38A800CF5DE7 /* ReceitaApp.app */;
			productType = "com.apple.product-type.application";
		};
		CD35CD9B226F38AA00CF5DE7 /* ReceitaAppTests */ = {
			isa = PBXNativeTarget;
			buildConfigurationList = CD35CDB3226F38AA00CF5DE7 /* Build configuration list for PBXNativeTarget "ReceitaAppTests" */;
			buildPhases = (
				CD35CD98226F38AA00CF5DE7 /* Sources */,
				CD35CD99226F38AA00CF5DE7 /* Frameworks */,
				CD35CD9A226F38AA00CF5DE7 /* Resources */,
			);
			buildRules = (
			);
			dependencies = (
				CD35CD9E226F38AA00CF5DE7 /* PBXTargetDependency */,
			);
			name = ReceitaAppTests;
			productName = ReceitaAppTests;
			productReference = CD35CD9C226F38AA00CF5DE7 /* ReceitaAppTests.xctest */;
			productType = "com.apple.product-type.bundle.unit-test";
		};
		CD35CDA6226F38AA00CF5DE7 /* ReceitaAppUITests */ = {
			isa = PBXNativeTarget;
			buildConfigurationList = CD35CDB6226F38AA00CF5DE7 /* Build configuration list for PBXNativeTarget "ReceitaAppUITests" */;
			buildPhases = (
				CD35CDA3226F38AA00CF5DE7 /* Sources */,
				CD35CDA4226F38AA00CF5DE7 /* Frameworks */,
				CD35CDA5226F38AA00CF5DE7 /* Resources */,
			);
			buildRules = (
			);
			dependencies = (
				CD35CDA9226F38AA00CF5DE7 /* PBXTargetDependency */,
			);
			name = ReceitaAppUITests;
			productName = ReceitaAppUITests;
			productReference = CD35CDA7226F38AA00CF5DE7 /* ReceitaAppUITests.xctest */;
			productType = "com.apple.product-type.bundle.ui-testing";
		};
/* End PBXNativeTarget section */

/* Begin PBXProject section */
		CD35CD80226F38A800CF5DE7 /* Project object */ = {
			isa = PBXProject;
			attributes = {
				LastSwiftUpdateCheck = 1020;
				LastUpgradeCheck = 1020;
				ORGANIZATIONNAME = "Mariana Beilune Abad";
				TargetAttributes = {
					CD35CD87226F38A800CF5DE7 = {
						CreatedOnToolsVersion = 10.2.1;
					};
					CD35CD9B226F38AA00CF5DE7 = {
						CreatedOnToolsVersion = 10.2.1;
						TestTargetID = CD35CD87226F38A800CF5DE7;
					};
					CD35CDA6226F38AA00CF5DE7 = {
						CreatedOnToolsVersion = 10.2.1;
						TestTargetID = CD35CD87226F38A800CF5DE7;
					};
				};
			};
			buildConfigurationList = CD35CD83226F38A800CF5DE7 /* Build configuration list for PBXProject "ReceitaApp" */;
			compatibilityVersion = "Xcode 9.3";
			developmentRegion = en;
			hasScannedForEncodings = 0;
			knownRegions = (
				en,
				Base,
			);
			mainGroup = CD35CD7F226F38A800CF5DE7;
			productRefGroup = CD35CD89226F38A800CF5DE7 /* Products */;
			projectDirPath = "";
			projectRoot = "";
			targets = (
				CD35CD87226F38A800CF5DE7 /* ReceitaApp */,
				CD35CD9B226F38AA00CF5DE7 /* ReceitaAppTests */,
				CD35CDA6226F38AA00CF5DE7 /* ReceitaAppUITests */,
			);
		};
/* End PBXProject section */

/* Begin PBXResourcesBuildPhase section */
		CD35CD86226F38A800CF5DE7 /* Resources */ = {
			isa = PBXResourcesBuildPhase;
			buildActionMask = 2147483647;
			files = (
				CD35CD96226F38AA00CF5DE7 /* LaunchScreen.storyboard in Resources */,
				CD35CD93226F38AA00CF5DE7 /* Assets.xcassets in Resources */,
				CD35CD91226F38A800CF5DE7 /* Main.storyboard in Resources */,
			);
			runOnlyForDeploymentPostprocessing = 0;
		};
		CD35CD9A226F38AA00CF5DE7 /* Resources */ = {
			isa = PBXResourcesBuildPhase;
			buildActionMask = 2147483647;
			files = (
			);
			runOnlyForDeploymentPostprocessing = 0;
		};
		CD35CDA5226F38AA00CF5DE7 /* Resources */ = {
			isa = PBXResourcesBuildPhase;
			buildActionMask = 2147483647;
			files = (
			);
			runOnlyForDeploymentPostprocessing = 0;
		};
/* End PBXResourcesBuildPhase section */

/* Begin PBXSourcesBuildPhase section */
		CD35CD84226F38A800CF5DE7 /* Sources */ = {
			isa = PBXSourcesBuildPhase;
			buildActionMask = 2147483647;
			files = (
				CD35CD8E226F38A800CF5DE7 /* ViewController.swift in Sources */,
				CD35CD8C226F38A800CF5DE7 /* AppDelegate.swift in Sources */,
				CD0686CB22788E9F00F4DF7C /* FavoritosViewController.swift in Sources */,
				CD0686C7227878BC00F4DF7C /* ReceitaViewController.swift in Sources */,
				CD0686C922787D5900F4DF7C /* Receita.swift in Sources */,
				CD35CDBC226F432700CF5DE7 /* CocoViewController.swift in Sources */,
			);
			runOnlyForDeploymentPostprocessing = 0;
		};
		CD35CD98226F38AA00CF5DE7 /* Sources */ = {
			isa = PBXSourcesBuildPhase;
			buildActionMask = 2147483647;
			files = (
				CD35CDA1226F38AA00CF5DE7 /* ReceitaAppTests.swift in Sources */,
			);
			runOnlyForDeploymentPostprocessing = 0;
		};
		CD35CDA3226F38AA00CF5DE7 /* Sources */ = {
			isa = PBXSourcesBuildPhase;
			buildActionMask = 2147483647;
			files = (
				CD35CDAC226F38AA00CF5DE7 /* ReceitaAppUITests.swift in Sources */,
			);
			runOnlyForDeploymentPostprocessing = 0;
		};
/* End PBXSourcesBuildPhase section */

/* Begin PBXTargetDependency section */
		CD35CD9E226F38AA00CF5DE7 /* PBXTargetDependency */ = {
			isa = PBXTargetDependency;
			target = CD35CD87226F38A800CF5DE7 /* ReceitaApp */;
			targetProxy = CD35CD9D226F38AA00CF5DE7 /* PBXContainerItemProxy */;
		};
		CD35CDA9226F38AA00CF5DE7 /* PBXTargetDependency */ = {
			isa = PBXTargetDependency;
			target = CD35CD87226F38A800CF5DE7 /* ReceitaApp */;
			targetProxy = CD35CDA8226F38AA00CF5DE7 /* PBXContainerItemProxy */;
		};
/* End PBXTargetDependency section */

/* Begin PBXVariantGroup section */
		CD35CD8F226F38A800CF5DE7 /* Main.storyboard */ = {
			isa = PBXVariantGroup;
			children = (
				CD35CD90226F38A800CF5DE7 /* Base */,
			);
			name = Main.storyboard;
			sourceTree = "<group>";
		};
		CD35CD94226F38AA00CF5DE7 /* LaunchScreen.storyboard */ = {
			isa = PBXVariantGroup;
			children = (
				CD35CD95226F38AA00CF5DE7 /* Base */,
			);
			name = LaunchScreen.storyboard;
			sourceTree = "<group>";
		};
/* End PBXVariantGroup section */

/* Begin XCBuildConfiguration section */
		CD35CDAE226F38AA00CF5DE7 /* Debug */ = {
			isa = XCBuildConfiguration;
			buildSettings = {
				ALWAYS_SEARCH_USER_PATHS = NO;
				CLANG_ANALYZER_NONNULL = YES;
				CLANG_ANALYZER_NUMBER_OBJECT_CONVERSION = YES_AGGRESSIVE;
				CLANG_CXX_LANGUAGE_STANDARD = "gnu++14";
				CLANG_CXX_LIBRARY = "libc++";
				CLANG_ENABLE_MODULES = YES;
				CLANG_ENABLE_OBJC_ARC = YES;
				CLANG_ENABLE_OBJC_WEAK = YES;
				CLANG_WARN_BLOCK_CAPTURE_AUTORELEASING = YES;
				CLANG_WARN_BOOL_CONVERSION = YES;
				CLANG_WARN_COMMA = YES;
				CLANG_WARN_CONSTANT_CONVERSION = YES;
				CLANG_WARN_DEPRECATED_OBJC_IMPLEMENTATIONS = YES;
				CLANG_WARN_DIRECT_OBJC_ISA_USAGE = YES_ERROR;
				CLANG_WARN_DOCUMENTATION_COMMENTS = YES;
				CLANG_WARN_EMPTY_BODY = YES;
				CLANG_WARN_ENUM_CONVERSION = YES;
				CLANG_WARN_INFINITE_RECURSION = YES;
				CLANG_WARN_INT_CONVERSION = YES;
				CLANG_WARN_NON_LITERAL_NULL_CONVERSION = YES;
				CLANG_WARN_OBJC_IMPLICIT_RETAIN_SELF = YES;
				CLANG_WARN_OBJC_LITERAL_CONVERSION = YES;
				CLANG_WARN_OBJC_ROOT_CLASS = YES_ERROR;
				CLANG_WARN_RANGE_LOOP_ANALYSIS = YES;
				CLANG_WARN_STRICT_PROTOTYPES = YES;
				CLANG_WARN_SUSPICIOUS_MOVE = YES;
				CLANG_WARN_UNGUARDED_AVAILABILITY = YES_AGGRESSIVE;
				CLANG_WARN_UNREACHABLE_CODE = YES;
				CLANG_WARN__DUPLICATE_METHOD_MATCH = YES;
				CODE_SIGN_IDENTITY = "iPhone Developer";
				COPY_PHASE_STRIP = NO;
				DEBUG_INFORMATION_FORMAT = dwarf;
				ENABLE_STRICT_OBJC_MSGSEND = YES;
				ENABLE_TESTABILITY = YES;
				GCC_C_LANGUAGE_STANDARD = gnu11;
				GCC_DYNAMIC_NO_PIC = NO;
				GCC_NO_COMMON_BLOCKS = YES;
				GCC_OPTIMIZATION_LEVEL = 0;
				GCC_PREPROCESSOR_DEFINITIONS = (
					"DEBUG=1",
					"$(inherited)",
				);
				GCC_WARN_64_TO_32_BIT_CONVERSION = YES;
				GCC_WARN_ABOUT_RETURN_TYPE = YES_ERROR;
				GCC_WARN_UNDECLARED_SELECTOR = YES;
				GCC_WARN_UNINITIALIZED_AUTOS = YES_AGGRESSIVE;
				GCC_WARN_UNUSED_FUNCTION = YES;
				GCC_WARN_UNUSED_VARIABLE = YES;
				IPHONEOS_DEPLOYMENT_TARGET = 12.2;
				MTL_ENABLE_DEBUG_INFO = INCLUDE_SOURCE;
				MTL_FAST_MATH = YES;
				ONLY_ACTIVE_ARCH = YES;
				SDKROOT = iphoneos;
				SWIFT_ACTIVE_COMPILATION_CONDITIONS = DEBUG;
				SWIFT_OPTIMIZATION_LEVEL = "-Onone";
			};
			name = Debug;
		};
		CD35CDAF226F38AA00CF5DE7 /* Release */ = {
			isa = XCBuildConfiguration;
			buildSettings = {
				ALWAYS_SEARCH_USER_PATHS = NO;
				CLANG_ANALYZER_NONNULL = YES;
				CLANG_ANALYZER_NUMBER_OBJECT_CONVERSION = YES_AGGRESSIVE;
				CLANG_CXX_LANGUAGE_STANDARD = "gnu++14";
				CLANG_CXX_LIBRARY = "libc++";
				CLANG_ENABLE_MODULES = YES;
				CLANG_ENABLE_OBJC_ARC = YES;
				CLANG_ENABLE_OBJC_WEAK = YES;
				CLANG_WARN_BLOCK_CAPTURE_AUTORELEASING = YES;
				CLANG_WARN_BOOL_CONVERSION = YES;
				CLANG_WARN_COMMA = YES;
				CLANG_WARN_CONSTANT_CONVERSION = YES;
				CLANG_WARN_DEPRECATED_OBJC_IMPLEMENTATIONS = YES;
				CLANG_WARN_DIRECT_OBJC_ISA_USAGE = YES_ERROR;
				CLANG_WARN_DOCUMENTATION_COMMENTS = YES;
				CLANG_WARN_EMPTY_BODY = YES;
				CLANG_WARN_ENUM_CONVERSION = YES;
				CLANG_WARN_INFINITE_RECURSION = YES;
				CLANG_WARN_INT_CONVERSION = YES;
				CLANG_WARN_NON_LITERAL_NULL_CONVERSION = YES;
				CLANG_WARN_OBJC_IMPLICIT_RETAIN_SELF = YES;
				CLANG_WARN_OBJC_LITERAL_CONVERSION = YES;
				CLANG_WARN_OBJC_ROOT_CLASS = YES_ERROR;
				CLANG_WARN_RANGE_LOOP_ANALYSIS = YES;
				CLANG_WARN_STRICT_PROTOTYPES = YES;
				CLANG_WARN_SUSPICIOUS_MOVE = YES;
				CLANG_WARN_UNGUARDED_AVAILABILITY = YES_AGGRESSIVE;
				CLANG_WARN_UNREACHABLE_CODE = YES;
				CLANG_WARN__DUPLICATE_METHOD_MATCH = YES;
				CODE_SIGN_IDENTITY = "iPhone Developer";
				COPY_PHASE_STRIP = NO;
				DEBUG_INFORMATION_FORMAT = "dwarf-with-dsym";
				ENABLE_NS_ASSERTIONS = NO;
				ENABLE_STRICT_OBJC_MSGSEND = YES;
				GCC_C_LANGUAGE_STANDARD = gnu11;
				GCC_NO_COMMON_BLOCKS = YES;
				GCC_WARN_64_TO_32_BIT_CONVERSION = YES;
				GCC_WARN_ABOUT_RETURN_TYPE = YES_ERROR;
				GCC_WARN_UNDECLARED_SELECTOR = YES;
				GCC_WARN_UNINITIALIZED_AUTOS = YES_AGGRESSIVE;
				GCC_WARN_UNUSED_FUNCTION = YES;
				GCC_WARN_UNUSED_VARIABLE = YES;
				IPHONEOS_DEPLOYMENT_TARGET = 12.2;
				MTL_ENABLE_DEBUG_INFO = NO;
				MTL_FAST_MATH = YES;
				SDKROOT = iphoneos;
				SWIFT_COMPILATION_MODE = wholemodule;
				SWIFT_OPTIMIZATION_LEVEL = "-O";
				VALIDATE_PRODUCT = YES;
			};
			name = Release;
		};
		CD35CDB1226F38AA00CF5DE7 /* Debug */ = {
			isa = XCBuildConfiguration;
			buildSettings = {
				ASSETCATALOG_COMPILER_APPICON_NAME = AppIcon;
				CODE_SIGN_STYLE = Automatic;
				DEVELOPMENT_TEAM = ADP5XER6GT;
				INFOPLIST_FILE = ReceitaApp/Info.plist;
				LD_RUNPATH_SEARCH_PATHS = (
					"$(inherited)",
					"@executable_path/Frameworks",
				);
				PRODUCT_BUNDLE_IDENTIFIER = com.mariabad.ReceitaApp;
				PRODUCT_NAME = "$(TARGET_NAME)";
				SWIFT_VERSION = 5.0;
				TARGETED_DEVICE_FAMILY = "1,2";
			};
			name = Debug;
		};
		CD35CDB2226F38AA00CF5DE7 /* Release */ = {
			isa = XCBuildConfiguration;
			buildSettings = {
				ASSETCATALOG_COMPILER_APPICON_NAME = AppIcon;
				CODE_SIGN_STYLE = Automatic;
				DEVELOPMENT_TEAM = ADP5XER6GT;
				INFOPLIST_FILE = ReceitaApp/Info.plist;
				LD_RUNPATH_SEARCH_PATHS = (
					"$(inherited)",
					"@executable_path/Frameworks",
				);
				PRODUCT_BUNDLE_IDENTIFIER = com.mariabad.ReceitaApp;
				PRODUCT_NAME = "$(TARGET_NAME)";
				SWIFT_VERSION = 5.0;
				TARGETED_DEVICE_FAMILY = "1,2";
			};
			name = Release;
		};
		CD35CDB4226F38AA00CF5DE7 /* Debug */ = {
			isa = XCBuildConfiguration;
			buildSettings = {
				ALWAYS_EMBED_SWIFT_STANDARD_LIBRARIES = YES;
				BUNDLE_LOADER = "$(TEST_HOST)";
				CODE_SIGN_STYLE = Automatic;
				DEVELOPMENT_TEAM = ADP5XER6GT;
				INFOPLIST_FILE = ReceitaAppTests/Info.plist;
				LD_RUNPATH_SEARCH_PATHS = (
					"$(inherited)",
					"@executable_path/Frameworks",
					"@loader_path/Frameworks",
				);
				PRODUCT_BUNDLE_IDENTIFIER = com.mariabad.ReceitaAppTests;
				PRODUCT_NAME = "$(TARGET_NAME)";
				SWIFT_VERSION = 5.0;
				TARGETED_DEVICE_FAMILY = "1,2";
				TEST_HOST = "$(BUILT_PRODUCTS_DIR)/ReceitaApp.app/ReceitaApp";
			};
			name = Debug;
		};
		CD35CDB5226F38AA00CF5DE7 /* Release */ = {
			isa = XCBuildConfiguration;
			buildSettings = {
				ALWAYS_EMBED_SWIFT_STANDARD_LIBRARIES = YES;
				BUNDLE_LOADER = "$(TEST_HOST)";
				CODE_SIGN_STYLE = Automatic;
				DEVELOPMENT_TEAM = ADP5XER6GT;
				INFOPLIST_FILE = ReceitaAppTests/Info.plist;
				LD_RUNPATH_SEARCH_PATHS = (
					"$(inherited)",
					"@executable_path/Frameworks",
					"@loader_path/Frameworks",
				);
				PRODUCT_BUNDLE_IDENTIFIER = com.mariabad.ReceitaAppTests;
				PRODUCT_NAME = "$(TARGET_NAME)";
				SWIFT_VERSION = 5.0;
				TARGETED_DEVICE_FAMILY = "1,2";
				TEST_HOST = "$(BUILT_PRODUCTS_DIR)/ReceitaApp.app/ReceitaApp";
			};
			name = Release;
		};
		CD35CDB7226F38AA00CF5DE7 /* Debug */ = {
			isa = XCBuildConfiguration;
			buildSettings = {
				ALWAYS_EMBED_SWIFT_STANDARD_LIBRARIES = YES;
				CODE_SIGN_STYLE = Automatic;
				DEVELOPMENT_TEAM = ADP5XER6GT;
				INFOPLIST_FILE = ReceitaAppUITests/Info.plist;
				LD_RUNPATH_SEARCH_PATHS = (
					"$(inherited)",
					"@executable_path/Frameworks",
					"@loader_path/Frameworks",
				);
				PRODUCT_BUNDLE_IDENTIFIER = com.mariabad.ReceitaAppUITests;
				PRODUCT_NAME = "$(TARGET_NAME)";
				SWIFT_VERSION = 5.0;
				TARGETED_DEVICE_FAMILY = "1,2";
				TEST_TARGET_NAME = ReceitaApp;
			};
			name = Debug;
		};
		CD35CDB8226F38AA00CF5DE7 /* Release */ = {
			isa = XCBuildConfiguration;
			buildSettings = {
				ALWAYS_EMBED_SWIFT_STANDARD_LIBRARIES = YES;
				CODE_SIGN_STYLE = Automatic;
				DEVELOPMENT_TEAM = ADP5XER6GT;
				INFOPLIST_FILE = ReceitaAppUITests/Info.plist;
				LD_RUNPATH_SEARCH_PATHS = (
					"$(inherited)",
					"@executable_path/Frameworks",
					"@loader_path/Frameworks",
				);
				PRODUCT_BUNDLE_IDENTIFIER = com.mariabad.ReceitaAppUITests;
				PRODUCT_NAME = "$(TARGET_NAME)";
				SWIFT_VERSION = 5.0;
				TARGETED_DEVICE_FAMILY = "1,2";
				TEST_TARGET_NAME = ReceitaApp;
			};
			name = Release;
		};
/* End XCBuildConfiguration section */

/* Begin XCConfigurationList section */
		CD35CD83226F38A800CF5DE7 /* Build configuration list for PBXProject "ReceitaApp" */ = {
			isa = XCConfigurationList;
			buildConfigurations = (
				CD35CDAE226F38AA00CF5DE7 /* Debug */,
				CD35CDAF226F38AA00CF5DE7 /* Release */,
			);
			defaultConfigurationIsVisible = 0;
			defaultConfigurationName = Release;
		};
		CD35CDB0226F38AA00CF5DE7 /* Build configuration list for PBXNativeTarget "ReceitaApp" */ = {
			isa = XCConfigurationList;
			buildConfigurations = (
				CD35CDB1226F38AA00CF5DE7 /* Debug */,
				CD35CDB2226F38AA00CF5DE7 /* Release */,
			);
			defaultConfigurationIsVisible = 0;
			defaultConfigurationName = Release;
		};
		CD35CDB3226F38AA00CF5DE7 /* Build configuration list for PBXNativeTarget "ReceitaAppTests" */ = {
			isa = XCConfigurationList;
			buildConfigurations = (
				CD35CDB4226F38AA00CF5DE7 /* Debug */,
				CD35CDB5226F38AA00CF5DE7 /* Release */,
			);
			defaultConfigurationIsVisible = 0;
			defaultConfigurationName = Release;
		};
		CD35CDB6226F38AA00CF5DE7 /* Build configuration list for PBXNativeTarget "ReceitaAppUITests" */ = {
			isa = XCConfigurationList;
			buildConfigurations = (
				CD35CDB7226F38AA00CF5DE7 /* Debug */,
				CD35CDB8226F38AA00CF5DE7 /* Release */,
			);
			defaultConfigurationIsVisible = 0;
			defaultConfigurationName = Release;
		};
/* End XCConfigurationList section */
	};
	rootObject = CD35CD80226F38A800CF5DE7 /* Project object */;
}
